
Microsoft Visual Studio Solution File, Format Version 12.00
# Visual Studio 2012
Project("{FAE04EC0-301F-11D3-BF4B-00C04F79EFBC}") = "studentsInfoSystemForCCMC", "studentsInfoSystemForCCMC\studentsInfoSystemForCCMC.csproj", "{E63BEB16-71FB-4761-AAF6-44EE6F53C6C7}"
EndProject
Global
	GlobalSection(SolutionConfigurationPlatforms) = preSolution
		Debug|iPhoneSimulator = Debug|iPhoneSimulator
		Release|iPhone = Release|iPhone
		Release|iPhoneSimulator = Release|iPhoneSimulator
		Debug|iPhone = Debug|iPhone
	EndGlobalSection
	GlobalSection(ProjectConfigurationPlatforms) = postSolution
		{E63BEB16-71FB-4761-AAF6-44EE6F53C6C7}.Debug|iPhoneSimulator.ActiveCfg = Debug|iPhoneSimulator
		{E63BEB16-71FB-4761-AAF6-44EE6F53C6C7}.Debug|iPhoneSimulator.Build.0 = Debug|iPhoneSimulator
		{E63BEB16-71FB-4761-AAF6-44EE6F53C6C7}.Release|iPhone.ActiveCfg = Release|iPhone
		{E63BEB16-71FB-4761-AAF6-44EE6F53C6C7}.Release|iPhone.Build.0 = Release|iPhone
		{E63BEB16-71FB-4761-AAF6-44EE6F53C6C7}.Release|iPhoneSimulator.ActiveCfg = Release|iPhoneSimulator
		{E63BEB16-71FB-4761-AAF6-44EE6F53C6C7}.Release|iPhoneSimulator.Build.0 = Release|iPhoneSimulator
		{E63BEB16-71FB-4761-AAF6-44EE6F53C6C7}.Debug|iPhone.ActiveCfg = Debug|iPhone
		{E63BEB16-71FB-4761-AAF6-44EE6F53C6C7}.Debug|iPhone.Build.0 = Debug|iPhone
	EndGlobalSection
EndGlobal
